
Microsoft Visual Studio Solution File, Format Version 12.00
# Visual Studio 15
VisualStudioVersion = 15.0.27703.2000
MinimumVisualStudioVersion = 10.0.40219.1
Project("{FAE04EC0-301F-11D3-BF4B-00C04F79EFBC}") = "DemoTools", "DemoTools\DemoTools.csproj", "{07F0988C-C719-43B6-93CC-F0C72A377EC8}"
EndProject
Global
	GlobalSection(SolutionConfigurationPlatforms) = preSolution
		Debug|Any CPU = Debug|Any CPU
		Release|Any CPU = Release|Any CPU
	EndGlobalSection
	GlobalSection(ProjectConfigurationPlatforms) = postSolution
		{07F0988C-C719-43B6-93CC-F0C72A377EC8}.Debug|Any CPU.ActiveCfg = Debug|Any CPU
		{07F0988C-C719-43B6-93CC-F0C72A377EC8}.Debug|Any CPU.Build.0 = Debug|Any CPU
		{07F0988C-C719-43B6-93CC-F0C72A377EC8}.Release|Any CPU.ActiveCfg = Release|Any CPU
		{07F0988C-C719-43B6-93CC-F0C72A377EC8}.Release|Any CPU.Build.0 = Release|Any CPU
	EndGlobalSection
	GlobalSection(SolutionProperties) = preSolution
		HideSolutionNode = FALSE
	EndGlobalSection
	GlobalSection(ExtensibilityGlobals) = postSolution
		SolutionGuid = {88B80111-9C5A-46C8-B3D5-66343C832D4A}
	EndGlobalSection
EndGlobal
