
Microsoft Visual Studio Solution File, Format Version 12.00
# Visual Studio 2013
VisualStudioVersion = 12.0.21005.1
MinimumVisualStudioVersion = 10.0.40219.1
Project("{FAE04EC0-301F-11D3-BF4B-00C04F79EFBC}") = "IS3-Core", "IS3-Core\IS3-Core.csproj", "{4B8B162C-3658-4FCC-AB41-C0C85A7DB281}"
EndProject
Global
	GlobalSection(TeamFoundationVersionControl) = preSolution
		SccNumberOfProjects = 2
		SccEnterpriseProvider = {4CA58AB2-18FA-4F8D-95D4-32DDF27D184C}
		SccTeamFoundationServer = http://10.10.127.3:8080/tfs/defaultcollection
		SccLocalPath0 = .
		SccProjectUniqueName1 = IS3-Core\\IS3-Core.csproj
		SccProjectName1 = IS3-Core
		SccLocalPath1 = IS3-Core
	EndGlobalSection
	GlobalSection(SolutionConfigurationPlatforms) = preSolution
		Debug|Any CPU = Debug|Any CPU
		Release|Any CPU = Release|Any CPU
	EndGlobalSection
	GlobalSection(ProjectConfigurationPlatforms) = postSolution
		{4B8B162C-3658-4FCC-AB41-C0C85A7DB281}.Debug|Any CPU.ActiveCfg = Debug|Any CPU
		{4B8B162C-3658-4FCC-AB41-C0C85A7DB281}.Debug|Any CPU.Build.0 = Debug|Any CPU
		{4B8B162C-3658-4FCC-AB41-C0C85A7DB281}.Release|Any CPU.ActiveCfg = Release|Any CPU
		{4B8B162C-3658-4FCC-AB41-C0C85A7DB281}.Release|Any CPU.Build.0 = Release|Any CPU
	EndGlobalSection
	GlobalSection(SolutionProperties) = preSolution
		HideSolutionNode = FALSE
	EndGlobalSection
EndGlobal
